
Microsoft Visual Studio Solution File, Format Version 12.00
Project("{FAE04EC0-301F-11D3-BF4B-00C04F79EFBC}") = "Runner", "Runner\Runner.csproj", "{503495B1-E8C1-4115-AB39-62F7A1BCF4DE}"
EndProject
Global
	GlobalSection(SolutionConfigurationPlatforms) = preSolution
		Debug|Any CPU = Debug|Any CPU
		Release|Any CPU = Release|Any CPU
	EndGlobalSection
	GlobalSection(ProjectConfigurationPlatforms) = postSolution
		{503495B1-E8C1-4115-AB39-62F7A1BCF4DE}.Debug|Any CPU.ActiveCfg = Debug|Any CPU
		{503495B1-E8C1-4115-AB39-62F7A1BCF4DE}.Debug|Any CPU.Build.0 = Debug|Any CPU
		{503495B1-E8C1-4115-AB39-62F7A1BCF4DE}.Release|Any CPU.ActiveCfg = Release|Any CPU
		{503495B1-E8C1-4115-AB39-62F7A1BCF4DE}.Release|Any CPU.Build.0 = Release|Any CPU
	EndGlobalSection
EndGlobal
